
Microsoft Visual Studio Solution File, Format Version 12.00
# Visual Studio Version 17
VisualStudioVersion = 17.7.34031.279
MinimumVisualStudioVersion = 10.0.40219.1
Project("{FAE04EC0-301F-11D3-BF4B-00C04F79EFBC}") = "E3_Assessment__[BSIT32E3]_[AlmodielLalaineAnne]", "E3_Assessment__[BSIT32E3]_[AlmodielLalaineAnne].csproj", "{3571B091-2215-4C82-AC5F-95AB9BA6733B}"
EndProject
Global
	GlobalSection(SolutionConfigurationPlatforms) = preSolution
		Debug|Any CPU = Debug|Any CPU
		Release|Any CPU = Release|Any CPU
	EndGlobalSection
	GlobalSection(ProjectConfigurationPlatforms) = postSolution
		{3571B091-2215-4C82-AC5F-95AB9BA6733B}.Debug|Any CPU.ActiveCfg = Debug|Any CPU
		{3571B091-2215-4C82-AC5F-95AB9BA6733B}.Debug|Any CPU.Build.0 = Debug|Any CPU
		{3571B091-2215-4C82-AC5F-95AB9BA6733B}.Release|Any CPU.ActiveCfg = Release|Any CPU
		{3571B091-2215-4C82-AC5F-95AB9BA6733B}.Release|Any CPU.Build.0 = Release|Any CPU
	EndGlobalSection
	GlobalSection(SolutionProperties) = preSolution
		HideSolutionNode = FALSE
	EndGlobalSection
	GlobalSection(ExtensibilityGlobals) = postSolution
		SolutionGuid = {7CC9425F-765F-4936-8A51-C1639236068A}
	EndGlobalSection
EndGlobal
